
Microsoft Visual Studio Solution File, Format Version 12.00
# Visual Studio 2013
VisualStudioVersion = 12.0.30501.0
MinimumVisualStudioVersion = 10.0.40219.1
Project("{FAE04EC0-301F-11D3-BF4B-00C04F79EFBC}") = "SwingWERX", "SwingWERX\SwingWERX.csproj", "{2E499785-60E7-48C9-A67F-E6DC9D2845CE}"
EndProject
Project("{FAE04EC0-301F-11D3-BF4B-00C04F79EFBC}") = "test", "test\test.csproj", "{F141E6A6-E3B3-43D0-A723-4C52161146CA}"
EndProject
Global
	GlobalSection(SolutionConfigurationPlatforms) = preSolution
		Debug|Any CPU = Debug|Any CPU
		Release|Any CPU = Release|Any CPU
	EndGlobalSection
	GlobalSection(ProjectConfigurationPlatforms) = postSolution
		{2E499785-60E7-48C9-A67F-E6DC9D2845CE}.Debug|Any CPU.ActiveCfg = Debug|Any CPU
		{2E499785-60E7-48C9-A67F-E6DC9D2845CE}.Debug|Any CPU.Build.0 = Debug|Any CPU
		{2E499785-60E7-48C9-A67F-E6DC9D2845CE}.Release|Any CPU.ActiveCfg = Release|Any CPU
		{2E499785-60E7-48C9-A67F-E6DC9D2845CE}.Release|Any CPU.Build.0 = Release|Any CPU
		{F141E6A6-E3B3-43D0-A723-4C52161146CA}.Debug|Any CPU.ActiveCfg = Debug|Any CPU
		{F141E6A6-E3B3-43D0-A723-4C52161146CA}.Debug|Any CPU.Build.0 = Debug|Any CPU
		{F141E6A6-E3B3-43D0-A723-4C52161146CA}.Release|Any CPU.ActiveCfg = Release|Any CPU
		{F141E6A6-E3B3-43D0-A723-4C52161146CA}.Release|Any CPU.Build.0 = Release|Any CPU
	EndGlobalSection
	GlobalSection(SolutionProperties) = preSolution
		HideSolutionNode = FALSE
	EndGlobalSection
EndGlobal
